
Microsoft Visual Studio Solution File, Format Version 12.00
# Visual Studio 14
VisualStudioVersion = 14.0.23107.0
MinimumVisualStudioVersion = 10.0.40219.1
Project("{F184B08F-C81C-45F6-A57F-5ABD9991F28F}") = "VB_Component", "VB_Component\VB_Component.vbproj", "{85BA75A0-F969-4D46-9301-163C73812067}"
EndProject
Project("{FAE04EC0-301F-11D3-BF4B-00C04F79EFBC}") = "CS_Component", "CS_Component\CS_Component.csproj", "{C9DAFF83-2F0C-4BC9-ABC1-D6F0BDBB9562}"
EndProject
Project("{112FAB98-8405-442A-A09B-9B0FF2F82A7B}") = "NamaComponent_Dot", "NamaComponent_Dot\NamaComponent_Dot.dotfuproj", "{B15E214F-25BC-4910-A1C5-24F58FFD491F}"
EndProject
Global
	GlobalSection(SolutionConfigurationPlatforms) = preSolution
		Debug|Any CPU = Debug|Any CPU
		Release|Any CPU = Release|Any CPU
	EndGlobalSection
	GlobalSection(ProjectConfigurationPlatforms) = postSolution
		{85BA75A0-F969-4D46-9301-163C73812067}.Debug|Any CPU.ActiveCfg = Debug|Any CPU
		{85BA75A0-F969-4D46-9301-163C73812067}.Debug|Any CPU.Build.0 = Debug|Any CPU
		{85BA75A0-F969-4D46-9301-163C73812067}.Release|Any CPU.ActiveCfg = Release|Any CPU
		{85BA75A0-F969-4D46-9301-163C73812067}.Release|Any CPU.Build.0 = Release|Any CPU
		{C9DAFF83-2F0C-4BC9-ABC1-D6F0BDBB9562}.Debug|Any CPU.ActiveCfg = Debug|Any CPU
		{C9DAFF83-2F0C-4BC9-ABC1-D6F0BDBB9562}.Debug|Any CPU.Build.0 = Debug|Any CPU
		{C9DAFF83-2F0C-4BC9-ABC1-D6F0BDBB9562}.Release|Any CPU.ActiveCfg = Release|Any CPU
		{C9DAFF83-2F0C-4BC9-ABC1-D6F0BDBB9562}.Release|Any CPU.Build.0 = Release|Any CPU
		{B15E214F-25BC-4910-A1C5-24F58FFD491F}.Debug|Any CPU.ActiveCfg = Debug
		{B15E214F-25BC-4910-A1C5-24F58FFD491F}.Debug|Any CPU.Build.0 = Debug
		{B15E214F-25BC-4910-A1C5-24F58FFD491F}.Release|Any CPU.ActiveCfg = Release
		{B15E214F-25BC-4910-A1C5-24F58FFD491F}.Release|Any CPU.Build.0 = Release
	EndGlobalSection
	GlobalSection(SolutionProperties) = preSolution
		HideSolutionNode = FALSE
	EndGlobalSection
EndGlobal
